
Microsoft Visual Studio Solution File, Format Version 12.00
# Visual Studio Version 17
VisualStudioVersion = 17.7.34031.279
MinimumVisualStudioVersion = 10.0.40219.1
Project("{2150E333-8FDC-42A3-9474-1A3956D46DE8}") = "Task0", "Task0", "{9370586A-958B-439A-90AA-CD7B5EB8E8C4}"
EndProject
Project("{FAE04EC0-301F-11D3-BF4B-00C04F79EFBC}") = "Tyuiu.ZamyatinDY.Sprint3.Task0.V2", "Tyuiu.ZamyatinDY.Sprint3.Task0.V2\Tyuiu.ZamyatinDY.Sprint3.Task0.V2.csproj", "{DB7979FF-7178-4B79-A5D9-E5F7F5B45B02}"
EndProject
Project("{FAE04EC0-301F-11D3-BF4B-00C04F79EFBC}") = "Tyuiu.ZamyatinDY.Sprint3.Task0.V2.Lib", "Tyuiu.ZamyatinDY.Sprint3.Task0.V2.Lib\Tyuiu.ZamyatinDY.Sprint3.Task0.V2.Lib.csproj", "{9E158E03-5A52-4DA1-99BE-9E5CFB1EFD3B}"
EndProject
Project("{FAE04EC0-301F-11D3-BF4B-00C04F79EFBC}") = "Tyuiu.ZamyatinDY.Sprint3.Task0.V2.Test", "Tyuiu.ZamyatinDY.Sprint3.Task0.V2.Test\Tyuiu.ZamyatinDY.Sprint3.Task0.V2.Test.csproj", "{B2E8BE0E-F88D-49B2-A7DA-FF3BBD854168}"
EndProject
Project("{2150E333-8FDC-42A3-9474-1A3956D46DE8}") = "Task1", "Task1", "{3E8100C3-8E7B-4555-97EC-7EB6DE6DA89D}"
EndProject
Project("{FAE04EC0-301F-11D3-BF4B-00C04F79EFBC}") = "Tyuiu.ZamyatinDY.Sprint3.Task1.V15", "Tyuiu.ZamyatinDY.Sprint3.Task1.V15\Tyuiu.ZamyatinDY.Sprint3.Task1.V15.csproj", "{029CF218-0A83-4C27-B466-4989FA21E2CF}"
EndProject
Project("{FAE04EC0-301F-11D3-BF4B-00C04F79EFBC}") = "Tyuiu.ZamyatinDY.Sprint3.Task1.V15.Lib", "Tyuiu.ZamyatinDY.Sprint3.Task1.V15.Lib\Tyuiu.ZamyatinDY.Sprint3.Task1.V15.Lib.csproj", "{591CF7DD-D694-46BD-9B37-2154657D95C7}"
EndProject
Project("{FAE04EC0-301F-11D3-BF4B-00C04F79EFBC}") = "Tyuiu.ZamyatinDY.Sprint3.Task1.V15.Test", "Tyuiu.ZamyatinDY.Sprint3.Task1.V15.Test\Tyuiu.ZamyatinDY.Sprint3.Task1.V15.Test.csproj", "{C3CA9DF6-4DD7-4E2E-913A-295CBAB3C9CA}"
EndProject
Project("{2150E333-8FDC-42A3-9474-1A3956D46DE8}") = "Task2", "Task2", "{E79410BE-7922-442F-BAFC-AD881D3B03DF}"
EndProject
Project("{FAE04EC0-301F-11D3-BF4B-00C04F79EFBC}") = "Tyuiu.ZamyatinDY.Sprint3.Task2.V20", "Tyuiu.ZamyatinDY.Sprint3.Task2.V20\Tyuiu.ZamyatinDY.Sprint3.Task2.V20.csproj", "{27B796D0-A131-40A4-9AA6-361892DE7FE6}"
EndProject
Project("{FAE04EC0-301F-11D3-BF4B-00C04F79EFBC}") = "Tyuiu.ZamyatinDY.Sprint3.Task2.V20.Lib", "Tyuiu.ZamyatinDY.Sprint3.Task2.V20.Lib\Tyuiu.ZamyatinDY.Sprint3.Task2.V20.Lib.csproj", "{EFA98AB5-3997-47ED-9827-0E4D69290A7D}"
EndProject
Project("{FAE04EC0-301F-11D3-BF4B-00C04F79EFBC}") = "Tyuiu.ZamyatinDY.Sprint3.Task2.V20.Test", "Tyuiu.ZamyatinDY.Sprint3.Task2.V20.Test\Tyuiu.ZamyatinDY.Sprint3.Task2.V20.Test.csproj", "{BB447822-9D38-4244-A9F4-70A1CD48E0E2}"
EndProject
Global
	GlobalSection(SolutionConfigurationPlatforms) = preSolution
		Debug|Any CPU = Debug|Any CPU
		Release|Any CPU = Release|Any CPU
	EndGlobalSection
	GlobalSection(ProjectConfigurationPlatforms) = postSolution
		{DB7979FF-7178-4B79-A5D9-E5F7F5B45B02}.Debug|Any CPU.ActiveCfg = Debug|Any CPU
		{DB7979FF-7178-4B79-A5D9-E5F7F5B45B02}.Debug|Any CPU.Build.0 = Debug|Any CPU
		{DB7979FF-7178-4B79-A5D9-E5F7F5B45B02}.Release|Any CPU.ActiveCfg = Release|Any CPU
		{DB7979FF-7178-4B79-A5D9-E5F7F5B45B02}.Release|Any CPU.Build.0 = Release|Any CPU
		{9E158E03-5A52-4DA1-99BE-9E5CFB1EFD3B}.Debug|Any CPU.ActiveCfg = Debug|Any CPU
		{9E158E03-5A52-4DA1-99BE-9E5CFB1EFD3B}.Debug|Any CPU.Build.0 = Debug|Any CPU
		{9E158E03-5A52-4DA1-99BE-9E5CFB1EFD3B}.Release|Any CPU.ActiveCfg = Release|Any CPU
		{9E158E03-5A52-4DA1-99BE-9E5CFB1EFD3B}.Release|Any CPU.Build.0 = Release|Any CPU
		{B2E8BE0E-F88D-49B2-A7DA-FF3BBD854168}.Debug|Any CPU.ActiveCfg = Debug|Any CPU
		{B2E8BE0E-F88D-49B2-A7DA-FF3BBD854168}.Debug|Any CPU.Build.0 = Debug|Any CPU
		{B2E8BE0E-F88D-49B2-A7DA-FF3BBD854168}.Release|Any CPU.ActiveCfg = Release|Any CPU
		{B2E8BE0E-F88D-49B2-A7DA-FF3BBD854168}.Release|Any CPU.Build.0 = Release|Any CPU
		{029CF218-0A83-4C27-B466-4989FA21E2CF}.Debug|Any CPU.ActiveCfg = Debug|Any CPU
		{029CF218-0A83-4C27-B466-4989FA21E2CF}.Debug|Any CPU.Build.0 = Debug|Any CPU
		{029CF218-0A83-4C27-B466-4989FA21E2CF}.Release|Any CPU.ActiveCfg = Release|Any CPU
		{029CF218-0A83-4C27-B466-4989FA21E2CF}.Release|Any CPU.Build.0 = Release|Any CPU
		{591CF7DD-D694-46BD-9B37-2154657D95C7}.Debug|Any CPU.ActiveCfg = Debug|Any CPU
		{591CF7DD-D694-46BD-9B37-2154657D95C7}.Debug|Any CPU.Build.0 = Debug|Any CPU
		{591CF7DD-D694-46BD-9B37-2154657D95C7}.Release|Any CPU.ActiveCfg = Release|Any CPU
		{591CF7DD-D694-46BD-9B37-2154657D95C7}.Release|Any CPU.Build.0 = Release|Any CPU
		{C3CA9DF6-4DD7-4E2E-913A-295CBAB3C9CA}.Debug|Any CPU.ActiveCfg = Debug|Any CPU
		{C3CA9DF6-4DD7-4E2E-913A-295CBAB3C9CA}.Debug|Any CPU.Build.0 = Debug|Any CPU
		{C3CA9DF6-4DD7-4E2E-913A-295CBAB3C9CA}.Release|Any CPU.ActiveCfg = Release|Any CPU
		{C3CA9DF6-4DD7-4E2E-913A-295CBAB3C9CA}.Release|Any CPU.Build.0 = Release|Any CPU
		{27B796D0-A131-40A4-9AA6-361892DE7FE6}.Debug|Any CPU.ActiveCfg = Debug|Any CPU
		{27B796D0-A131-40A4-9AA6-361892DE7FE6}.Debug|Any CPU.Build.0 = Debug|Any CPU
		{27B796D0-A131-40A4-9AA6-361892DE7FE6}.Release|Any CPU.ActiveCfg = Release|Any CPU
		{27B796D0-A131-40A4-9AA6-361892DE7FE6}.Release|Any CPU.Build.0 = Release|Any CPU
		{EFA98AB5-3997-47ED-9827-0E4D69290A7D}.Debug|Any CPU.ActiveCfg = Debug|Any CPU
		{EFA98AB5-3997-47ED-9827-0E4D69290A7D}.Debug|Any CPU.Build.0 = Debug|Any CPU
		{EFA98AB5-3997-47ED-9827-0E4D69290A7D}.Release|Any CPU.ActiveCfg = Release|Any CPU
		{EFA98AB5-3997-47ED-9827-0E4D69290A7D}.Release|Any CPU.Build.0 = Release|Any CPU
		{BB447822-9D38-4244-A9F4-70A1CD48E0E2}.Debug|Any CPU.ActiveCfg = Debug|Any CPU
		{BB447822-9D38-4244-A9F4-70A1CD48E0E2}.Debug|Any CPU.Build.0 = Debug|Any CPU
		{BB447822-9D38-4244-A9F4-70A1CD48E0E2}.Release|Any CPU.ActiveCfg = Release|Any CPU
		{BB447822-9D38-4244-A9F4-70A1CD48E0E2}.Release|Any CPU.Build.0 = Release|Any CPU
	EndGlobalSection
	GlobalSection(SolutionProperties) = preSolution
		HideSolutionNode = FALSE
	EndGlobalSection
	GlobalSection(NestedProjects) = preSolution
		{DB7979FF-7178-4B79-A5D9-E5F7F5B45B02} = {9370586A-958B-439A-90AA-CD7B5EB8E8C4}
		{9E158E03-5A52-4DA1-99BE-9E5CFB1EFD3B} = {9370586A-958B-439A-90AA-CD7B5EB8E8C4}
		{B2E8BE0E-F88D-49B2-A7DA-FF3BBD854168} = {9370586A-958B-439A-90AA-CD7B5EB8E8C4}
		{029CF218-0A83-4C27-B466-4989FA21E2CF} = {3E8100C3-8E7B-4555-97EC-7EB6DE6DA89D}
		{591CF7DD-D694-46BD-9B37-2154657D95C7} = {3E8100C3-8E7B-4555-97EC-7EB6DE6DA89D}
		{C3CA9DF6-4DD7-4E2E-913A-295CBAB3C9CA} = {3E8100C3-8E7B-4555-97EC-7EB6DE6DA89D}
		{27B796D0-A131-40A4-9AA6-361892DE7FE6} = {E79410BE-7922-442F-BAFC-AD881D3B03DF}
		{EFA98AB5-3997-47ED-9827-0E4D69290A7D} = {E79410BE-7922-442F-BAFC-AD881D3B03DF}
		{BB447822-9D38-4244-A9F4-70A1CD48E0E2} = {E79410BE-7922-442F-BAFC-AD881D3B03DF}
	EndGlobalSection
	GlobalSection(ExtensibilityGlobals) = postSolution
		SolutionGuid = {8D6AD4F4-5DA2-4B27-88E4-D6A1F9CEC786}
	EndGlobalSection
EndGlobal
